
Microsoft Visual Studio Solution File, Format Version 12.00
# Visual Studio Version 16
VisualStudioVersion = 16.0.31129.286
MinimumVisualStudioVersion = 10.0.40219.1
Project("{FAE04EC0-301F-11D3-BF4B-00C04F79EFBC}") = "TeduShop.UnitTest", "TeduShop.UnitTest\TeduShop.UnitTest.csproj", "{0681FC71-F8A4-44BD-BE6A-91C3F376DE30}"
EndProject
Project("{FAE04EC0-301F-11D3-BF4B-00C04F79EFBC}") = "TeduShop.Web", "TeduShop.Web\TeduShop.Web.csproj", "{904BFE47-AF5A-4233-81DC-FE0384F9CD2A}"
EndProject
Project("{FAE04EC0-301F-11D3-BF4B-00C04F79EFBC}") = "TeduShop.Common", "TeduShop.Common\TeduShop.Common.csproj", "{1AC653BE-F36B-4081-BA13-D75A5E02111F}"
EndProject
Project("{FAE04EC0-301F-11D3-BF4B-00C04F79EFBC}") = "TeduShop.Data", "TeduShop.Data\TeduShop.Data.csproj", "{88D800B1-463C-4891-BA12-9DECFE9D13C9}"
EndProject
Project("{FAE04EC0-301F-11D3-BF4B-00C04F79EFBC}") = "TeduShop.Model", "TeduShop.Model\TeduShop.Model.csproj", "{CEF1D1FF-1C79-421A-83B2-E0329073244F}"
EndProject
Project("{FAE04EC0-301F-11D3-BF4B-00C04F79EFBC}") = "TeduShop.Service", "TeduShop.Service\TeduShop.Service.csproj", "{6E5D5900-AA50-4D11-A4E4-251DC5D3BE2F}"
EndProject
Global
	GlobalSection(SolutionConfigurationPlatforms) = preSolution
		Debug|Any CPU = Debug|Any CPU
		Release|Any CPU = Release|Any CPU
	EndGlobalSection
	GlobalSection(ProjectConfigurationPlatforms) = postSolution
		{0681FC71-F8A4-44BD-BE6A-91C3F376DE30}.Debug|Any CPU.ActiveCfg = Debug|Any CPU
		{0681FC71-F8A4-44BD-BE6A-91C3F376DE30}.Debug|Any CPU.Build.0 = Debug|Any CPU
		{0681FC71-F8A4-44BD-BE6A-91C3F376DE30}.Release|Any CPU.ActiveCfg = Release|Any CPU
		{0681FC71-F8A4-44BD-BE6A-91C3F376DE30}.Release|Any CPU.Build.0 = Release|Any CPU
		{904BFE47-AF5A-4233-81DC-FE0384F9CD2A}.Debug|Any CPU.ActiveCfg = Debug|Any CPU
		{904BFE47-AF5A-4233-81DC-FE0384F9CD2A}.Debug|Any CPU.Build.0 = Debug|Any CPU
		{904BFE47-AF5A-4233-81DC-FE0384F9CD2A}.Release|Any CPU.ActiveCfg = Release|Any CPU
		{904BFE47-AF5A-4233-81DC-FE0384F9CD2A}.Release|Any CPU.Build.0 = Release|Any CPU
		{1AC653BE-F36B-4081-BA13-D75A5E02111F}.Debug|Any CPU.ActiveCfg = Debug|Any CPU
		{1AC653BE-F36B-4081-BA13-D75A5E02111F}.Debug|Any CPU.Build.0 = Debug|Any CPU
		{1AC653BE-F36B-4081-BA13-D75A5E02111F}.Release|Any CPU.ActiveCfg = Release|Any CPU
		{1AC653BE-F36B-4081-BA13-D75A5E02111F}.Release|Any CPU.Build.0 = Release|Any CPU
		{88D800B1-463C-4891-BA12-9DECFE9D13C9}.Debug|Any CPU.ActiveCfg = Debug|Any CPU
		{88D800B1-463C-4891-BA12-9DECFE9D13C9}.Debug|Any CPU.Build.0 = Debug|Any CPU
		{88D800B1-463C-4891-BA12-9DECFE9D13C9}.Release|Any CPU.ActiveCfg = Release|Any CPU
		{88D800B1-463C-4891-BA12-9DECFE9D13C9}.Release|Any CPU.Build.0 = Release|Any CPU
		{CEF1D1FF-1C79-421A-83B2-E0329073244F}.Debug|Any CPU.ActiveCfg = Debug|Any CPU
		{CEF1D1FF-1C79-421A-83B2-E0329073244F}.Debug|Any CPU.Build.0 = Debug|Any CPU
		{CEF1D1FF-1C79-421A-83B2-E0329073244F}.Release|Any CPU.ActiveCfg = Release|Any CPU
		{CEF1D1FF-1C79-421A-83B2-E0329073244F}.Release|Any CPU.Build.0 = Release|Any CPU
		{6E5D5900-AA50-4D11-A4E4-251DC5D3BE2F}.Debug|Any CPU.ActiveCfg = Debug|Any CPU
		{6E5D5900-AA50-4D11-A4E4-251DC5D3BE2F}.Debug|Any CPU.Build.0 = Debug|Any CPU
		{6E5D5900-AA50-4D11-A4E4-251DC5D3BE2F}.Release|Any CPU.ActiveCfg = Release|Any CPU
		{6E5D5900-AA50-4D11-A4E4-251DC5D3BE2F}.Release|Any CPU.Build.0 = Release|Any CPU
	EndGlobalSection
	GlobalSection(SolutionProperties) = preSolution
		HideSolutionNode = FALSE
	EndGlobalSection
	GlobalSection(ExtensibilityGlobals) = postSolution
		SolutionGuid = {0B64A446-FD8C-497D-9197-BB2D747C32B3}
	EndGlobalSection
EndGlobal
